// !$*UTF8*$!
{
	archiveVersion = 1;
	classes = {
	};
	objectVersion = 50;
	objects = {

/* Begin PBXBuildFile section */
		36BB2E5B86CDBCEF1240BB86 /* Pods_PostsReader.framework in Frameworks */ = {isa = PBXBuildFile; fileRef = EDFA3E6FD7F31210BE1C170C /* Pods_PostsReader.framework */; };
		FE94F98F22285FAC00D33707 /* AppDelegate.swift in Sources */ = {isa = PBXBuildFile; fileRef = FE94F98E22285FAC00D33707 /* AppDelegate.swift */; };
		FE94F99422285FAC00D33707 /* Main.storyboard in Resources */ = {isa = PBXBuildFile; fileRef = FE94F99222285FAC00D33707 /* Main.storyboard */; };
		FE94F99622285FAF00D33707 /* Assets.xcassets in Resources */ = {isa = PBXBuildFile; fileRef = FE94F99522285FAF00D33707 /* Assets.xcassets */; };
		FE94F99922285FAF00D33707 /* LaunchScreen.storyboard in Resources */ = {isa = PBXBuildFile; fileRef = FE94F99722285FAF00D33707 /* LaunchScreen.storyboard */; };
		FEA41B6C2229403C00635BD5 /* DataBaseService.swift in Sources */ = {isa = PBXBuildFile; fileRef = FEA41B6B2229403C00635BD5 /* DataBaseService.swift */; };
		FEA41B6E2229404F00635BD5 /* RealmService.swift in Sources */ = {isa = PBXBuildFile; fileRef = FEA41B6D2229404F00635BD5 /* RealmService.swift */; };
		FEA41B7322295C7F00635BD5 /* NetworkService.swift in Sources */ = {isa = PBXBuildFile; fileRef = FEA41B7222295C7F00635BD5 /* NetworkService.swift */; };
		FEA41B7622295D0B00635BD5 /* PostModel.swift in Sources */ = {isa = PBXBuildFile; fileRef = FEA41B7522295D0B00635BD5 /* PostModel.swift */; };
		FEA41B7822295D1500635BD5 /* UserModel.swift in Sources */ = {isa = PBXBuildFile; fileRef = FEA41B7722295D1500635BD5 /* UserModel.swift */; };
		FEA41B7A22295D1E00635BD5 /* CommentModel.swift in Sources */ = {isa = PBXBuildFile; fileRef = FEA41B7922295D1E00635BD5 /* CommentModel.swift */; };
		FEA41B7C22295D3D00635BD5 /* NetworkRouter.swift in Sources */ = {isa = PBXBuildFile; fileRef = FEA41B7B22295D3D00635BD5 /* NetworkRouter.swift */; };
		FEA41B802229692600635BD5 /* PostsViewModel.swift in Sources */ = {isa = PBXBuildFile; fileRef = FEA41B7F2229692600635BD5 /* PostsViewModel.swift */; };
		FEA41B842229695600635BD5 /* BaseViewModel.swift in Sources */ = {isa = PBXBuildFile; fileRef = FEA41B832229695600635BD5 /* BaseViewModel.swift */; };
		FEC60A1B222BBEE80029BC80 /* BaseViewController.swift in Sources */ = {isa = PBXBuildFile; fileRef = FEC60A1A222BBEE80029BC80 /* BaseViewController.swift */; };
		FEC60A1E222BC0B90029BC80 /* PostsViewController.swift in Sources */ = {isa = PBXBuildFile; fileRef = FEC60A1D222BC0B90029BC80 /* PostsViewController.swift */; };
		FEC60A24222BC2400029BC80 /* GenericTableView.swift in Sources */ = {isa = PBXBuildFile; fileRef = FEC60A23222BC2400029BC80 /* GenericTableView.swift */; };
		FEC60A26222BC2BB0029BC80 /* GenericSectionModel.swift in Sources */ = {isa = PBXBuildFile; fileRef = FEC60A25222BC2BB0029BC80 /* GenericSectionModel.swift */; };
		FEC60A28222BC2F30029BC80 /* GenericSectionItem.swift in Sources */ = {isa = PBXBuildFile; fileRef = FEC60A27222BC2F30029BC80 /* GenericSectionItem.swift */; };
		FEC60A2A222BC86F0029BC80 /* GenericTableViewCellModelProtocol.swift in Sources */ = {isa = PBXBuildFile; fileRef = FEC60A29222BC86F0029BC80 /* GenericTableViewCellModelProtocol.swift */; };
		FEC60A2C222BCEA20029BC80 /* ErrorsService.swift in Sources */ = {isa = PBXBuildFile; fileRef = FEC60A2B222BCEA20029BC80 /* ErrorsService.swift */; };
		FEC60A2F222BD10D0029BC80 /* TextCellModel.swift in Sources */ = {isa = PBXBuildFile; fileRef = FEC60A2E222BD10D0029BC80 /* TextCellModel.swift */; };
		FEC60A31222BD1230029BC80 /* TextTableViewCell.swift in Sources */ = {isa = PBXBuildFile; fileRef = FEC60A30222BD1230029BC80 /* TextTableViewCell.swift */; };
		FEC60A34222BD2AA0029BC80 /* UITableView+extensions.swift in Sources */ = {isa = PBXBuildFile; fileRef = FEC60A33222BD2AA0029BC80 /* UITableView+extensions.swift */; };
		FEC60A36222BD3E00029BC80 /* TextTableViewCell.xib in Resources */ = {isa = PBXBuildFile; fileRef = FEC60A35222BD3E00029BC80 /* TextTableViewCell.xib */; };
		FEC60A39222BED5E0029BC80 /* GenericTableViewData.swift in Sources */ = {isa = PBXBuildFile; fileRef = FEC60A38222BED5E0029BC80 /* GenericTableViewData.swift */; };
		FEC60A3B222BFB320029BC80 /* BaseViewController+extensions.swift in Sources */ = {isa = PBXBuildFile; fileRef = FEC60A3A222BFB320029BC80 /* BaseViewController+extensions.swift */; };
		FEC60A40222BFE9D0029BC80 /* Localizable.strings in Resources */ = {isa = PBXBuildFile; fileRef = FEC60A42222BFE9D0029BC80 /* Localizable.strings */; };
		FEC60A45222BFEEC0029BC80 /* String+extensions.swift in Sources */ = {isa = PBXBuildFile; fileRef = FEC60A44222BFEEC0029BC80 /* String+extensions.swift */; };
		FEC60A4E222C11730029BC80 /* BaseViewController+Rx.swift in Sources */ = {isa = PBXBuildFile; fileRef = FEC60A4D222C11730029BC80 /* BaseViewController+Rx.swift */; };
		FEC60A51222C15660029BC80 /* PostRealm.swift in Sources */ = {isa = PBXBuildFile; fileRef = FEC60A50222C15660029BC80 /* PostRealm.swift */; };
		FEC60A53222C1CF00029BC80 /* Realm+extensions.swift in Sources */ = {isa = PBXBuildFile; fileRef = FEC60A52222C1CF00029BC80 /* Realm+extensions.swift */; };
		FEC60A58222C23F30029BC80 /* DetailsViewController.swift in Sources */ = {isa = PBXBuildFile; fileRef = FEC60A57222C23F30029BC80 /* DetailsViewController.swift */; };
		FEC60A6A222C27000029BC80 /* Describable.swift in Sources */ = {isa = PBXBuildFile; fileRef = FEC60A69222C27000029BC80 /* Describable.swift */; };
		FEC60A6C222C27C10029BC80 /* NSAttributedString+Extensions.swift in Sources */ = {isa = PBXBuildFile; fileRef = FEC60A6B222C27C10029BC80 /* NSAttributedString+Extensions.swift */; };
/* End PBXBuildFile section */

/* Begin PBXFileReference section */
		1B014BEED1F0A8AF421FE076 /* Pods-PostsReader.debug.xcconfig */ = {isa = PBXFileReference; includeInIndex = 1; lastKnownFileType = text.xcconfig; name = "Pods-PostsReader.debug.xcconfig"; path = "Target Support Files/Pods-PostsReader/Pods-PostsReader.debug.xcconfig"; sourceTree = "<group>"; };
		DE5BAB85336919133C47FB43 /* Pods-PostsReader.release.xcconfig */ = {isa = PBXFileReference; includeInIndex = 1; lastKnownFileType = text.xcconfig; name = "Pods-PostsReader.release.xcconfig"; path = "Target Support Files/Pods-PostsReader/Pods-PostsReader.release.xcconfig"; sourceTree = "<group>"; };
		EDFA3E6FD7F31210BE1C170C /* Pods_PostsReader.framework */ = {isa = PBXFileReference; explicitFileType = wrapper.framework; includeInIndex = 0; path = Pods_PostsReader.framework; sourceTree = BUILT_PRODUCTS_DIR; };
		FE94F98B22285FAC00D33707 /* PostsReader.app */ = {isa = PBXFileReference; explicitFileType = wrapper.application; includeInIndex = 0; path = PostsReader.app; sourceTree = BUILT_PRODUCTS_DIR; };
		FE94F98E22285FAC00D33707 /* AppDelegate.swift */ = {isa = PBXFileReference; lastKnownFileType = sourcecode.swift; path = AppDelegate.swift; sourceTree = "<group>"; };
		FE94F99322285FAC00D33707 /* Base */ = {isa = PBXFileReference; lastKnownFileType = file.storyboard; name = Base; path = Base.lproj/Main.storyboard; sourceTree = "<group>"; };
		FE94F99522285FAF00D33707 /* Assets.xcassets */ = {isa = PBXFileReference; lastKnownFileType = folder.assetcatalog; path = Assets.xcassets; sourceTree = "<group>"; };
		FE94F99822285FAF00D33707 /* Base */ = {isa = PBXFileReference; lastKnownFileType = file.storyboard; name = Base; path = Base.lproj/LaunchScreen.storyboard; sourceTree = "<group>"; };
		FE94F99A22285FAF00D33707 /* Info.plist */ = {isa = PBXFileReference; lastKnownFileType = text.plist.xml; path = Info.plist; sourceTree = "<group>"; };
		FEA41B6B2229403C00635BD5 /* DataBaseService.swift */ = {isa = PBXFileReference; lastKnownFileType = sourcecode.swift; path = DataBaseService.swift; sourceTree = "<group>"; };
		FEA41B6D2229404F00635BD5 /* RealmService.swift */ = {isa = PBXFileReference; lastKnownFileType = sourcecode.swift; path = RealmService.swift; sourceTree = "<group>"; };
		FEA41B7222295C7F00635BD5 /* NetworkService.swift */ = {isa = PBXFileReference; lastKnownFileType = sourcecode.swift; path = NetworkService.swift; sourceTree = "<group>"; };
		FEA41B7522295D0B00635BD5 /* PostModel.swift */ = {isa = PBXFileReference; lastKnownFileType = sourcecode.swift; path = PostModel.swift; sourceTree = "<group>"; };
		FEA41B7722295D1500635BD5 /* UserModel.swift */ = {isa = PBXFileReference; lastKnownFileType = sourcecode.swift; path = UserModel.swift; sourceTree = "<group>"; };
		FEA41B7922295D1E00635BD5 /* CommentModel.swift */ = {isa = PBXFileReference; lastKnownFileType = sourcecode.swift; path = CommentModel.swift; sourceTree = "<group>"; };
		FEA41B7B22295D3D00635BD5 /* NetworkRouter.swift */ = {isa = PBXFileReference; lastKnownFileType = sourcecode.swift; path = NetworkRouter.swift; sourceTree = "<group>"; };
		FEA41B7F2229692600635BD5 /* PostsViewModel.swift */ = {isa = PBXFileReference; lastKnownFileType = sourcecode.swift; path = PostsViewModel.swift; sourceTree = "<group>"; };
		FEA41B832229695600635BD5 /* BaseViewModel.swift */ = {isa = PBXFileReference; lastKnownFileType = sourcecode.swift; path = BaseViewModel.swift; sourceTree = "<group>"; };
		FEC60A1A222BBEE80029BC80 /* BaseViewController.swift */ = {isa = PBXFileReference; lastKnownFileType = sourcecode.swift; path = BaseViewController.swift; sourceTree = "<group>"; };
		FEC60A1D222BC0B90029BC80 /* PostsViewController.swift */ = {isa = PBXFileReference; lastKnownFileType = sourcecode.swift; path = PostsViewController.swift; sourceTree = "<group>"; };
		FEC60A23222BC2400029BC80 /* GenericTableView.swift */ = {isa = PBXFileReference; lastKnownFileType = sourcecode.swift; path = GenericTableView.swift; sourceTree = "<group>"; };
		FEC60A25222BC2BB0029BC80 /* GenericSectionModel.swift */ = {isa = PBXFileReference; lastKnownFileType = sourcecode.swift; path = GenericSectionModel.swift; sourceTree = "<group>"; };
		FEC60A27222BC2F30029BC80 /* GenericSectionItem.swift */ = {isa = PBXFileReference; lastKnownFileType = sourcecode.swift; path = GenericSectionItem.swift; sourceTree = "<group>"; };
		FEC60A29222BC86F0029BC80 /* GenericTableViewCellModelProtocol.swift */ = {isa = PBXFileReference; lastKnownFileType = sourcecode.swift; path = GenericTableViewCellModelProtocol.swift; sourceTree = "<group>"; };
		FEC60A2B222BCEA20029BC80 /* ErrorsService.swift */ = {isa = PBXFileReference; lastKnownFileType = sourcecode.swift; path = ErrorsService.swift; sourceTree = "<group>"; };
		FEC60A2E222BD10D0029BC80 /* TextCellModel.swift */ = {isa = PBXFileReference; lastKnownFileType = sourcecode.swift; path = TextCellModel.swift; sourceTree = "<group>"; };
		FEC60A30222BD1230029BC80 /* TextTableViewCell.swift */ = {isa = PBXFileReference; lastKnownFileType = sourcecode.swift; path = TextTableViewCell.swift; sourceTree = "<group>"; };
		FEC60A33222BD2AA0029BC80 /* UITableView+extensions.swift */ = {isa = PBXFileReference; lastKnownFileType = sourcecode.swift; path = "UITableView+extensions.swift"; sourceTree = "<group>"; };
		FEC60A35222BD3E00029BC80 /* TextTableViewCell.xib */ = {isa = PBXFileReference; lastKnownFileType = file.xib; path = TextTableViewCell.xib; sourceTree = "<group>"; };
		FEC60A38222BED5E0029BC80 /* GenericTableViewData.swift */ = {isa = PBXFileReference; lastKnownFileType = sourcecode.swift; path = GenericTableViewData.swift; sourceTree = "<group>"; };
		FEC60A3A222BFB320029BC80 /* BaseViewController+extensions.swift */ = {isa = PBXFileReference; lastKnownFileType = sourcecode.swift; path = "BaseViewController+extensions.swift"; sourceTree = "<group>"; };
		FEC60A3C222BFE4D0029BC80 /* uk */ = {isa = PBXFileReference; lastKnownFileType = text.plist.strings; name = uk; path = uk.lproj/Main.strings; sourceTree = "<group>"; };
		FEC60A3D222BFE4E0029BC80 /* uk */ = {isa = PBXFileReference; lastKnownFileType = text.plist.strings; name = uk; path = uk.lproj/LaunchScreen.strings; sourceTree = "<group>"; };
		FEC60A41222BFE9D0029BC80 /* uk */ = {isa = PBXFileReference; lastKnownFileType = text.plist.strings; name = uk; path = uk.lproj/Localizable.strings; sourceTree = "<group>"; };
		FEC60A44222BFEEC0029BC80 /* String+extensions.swift */ = {isa = PBXFileReference; lastKnownFileType = sourcecode.swift; path = "String+extensions.swift"; sourceTree = "<group>"; };
		FEC60A4D222C11730029BC80 /* BaseViewController+Rx.swift */ = {isa = PBXFileReference; lastKnownFileType = sourcecode.swift; path = "BaseViewController+Rx.swift"; sourceTree = "<group>"; };
		FEC60A50222C15660029BC80 /* PostRealm.swift */ = {isa = PBXFileReference; lastKnownFileType = sourcecode.swift; path = PostRealm.swift; sourceTree = "<group>"; };
		FEC60A52222C1CF00029BC80 /* Realm+extensions.swift */ = {isa = PBXFileReference; lastKnownFileType = sourcecode.swift; path = "Realm+extensions.swift"; sourceTree = "<group>"; };
		FEC60A57222C23F30029BC80 /* DetailsViewController.swift */ = {isa = PBXFileReference; lastKnownFileType = sourcecode.swift; path = DetailsViewController.swift; sourceTree = "<group>"; };
		FEC60A69222C27000029BC80 /* Describable.swift */ = {isa = PBXFileReference; lastKnownFileType = sourcecode.swift; path = Describable.swift; sourceTree = "<group>"; };
		FEC60A6B222C27C10029BC80 /* NSAttributedString+Extensions.swift */ = {isa = PBXFileReference; lastKnownFileType = sourcecode.swift; path = "NSAttributedString+Extensions.swift"; sourceTree = "<group>"; };
/* End PBXFileReference section */

/* Begin PBXFrameworksBuildPhase section */
		FE94F98822285FAC00D33707 /* Frameworks */ = {
			isa = PBXFrameworksBuildPhase;
			buildActionMask = 2147483647;
			files = (
				36BB2E5B86CDBCEF1240BB86 /* Pods_PostsReader.framework in Frameworks */,
			);
			runOnlyForDeploymentPostprocessing = 0;
		};
/* End PBXFrameworksBuildPhase section */

/* Begin PBXGroup section */
		25B697BA02CEF3E110D05DAE /* Pods */ = {
			isa = PBXGroup;
			children = (
				1B014BEED1F0A8AF421FE076 /* Pods-PostsReader.debug.xcconfig */,
				DE5BAB85336919133C47FB43 /* Pods-PostsReader.release.xcconfig */,
			);
			path = Pods;
			sourceTree = "<group>";
		};
		5ABC2C8FA340B95801576220 /* Frameworks */ = {
			isa = PBXGroup;
			children = (
				EDFA3E6FD7F31210BE1C170C /* Pods_PostsReader.framework */,
			);
			name = Frameworks;
			sourceTree = "<group>";
		};
		FE94F98222285FAC00D33707 = {
			isa = PBXGroup;
			children = (
				FE94F98D22285FAC00D33707 /* PostsReader */,
				FE94F98C22285FAC00D33707 /* Products */,
				25B697BA02CEF3E110D05DAE /* Pods */,
				5ABC2C8FA340B95801576220 /* Frameworks */,
			);
			sourceTree = "<group>";
		};
		FE94F98C22285FAC00D33707 /* Products */ = {
			isa = PBXGroup;
			children = (
				FE94F98B22285FAC00D33707 /* PostsReader.app */,
			);
			name = Products;
			sourceTree = "<group>";
		};
		FE94F98D22285FAC00D33707 /* PostsReader */ = {
			isa = PBXGroup;
			children = (
				FE94F98E22285FAC00D33707 /* AppDelegate.swift */,
				FEC60A20222BC0DD0029BC80 /* Scenes */,
				FEA41B6A2229402800635BD5 /* Services */,
				FEC60A21222BC0EF0029BC80 /* SupportingFiles */,
			);
			path = PostsReader;
			sourceTree = "<group>";
		};
		FEA41B692229401400635BD5 /* PostsScene */ = {
			isa = PBXGroup;
			children = (
				FEC60A1C222BC09D0029BC80 /* Views */,
				FEA41B7E2229691600635BD5 /* ViewModel */,
			);
			path = PostsScene;
			sourceTree = "<group>";
		};
		FEA41B6A2229402800635BD5 /* Services */ = {
			isa = PBXGroup;
			children = (
				FEA41B7422295CFD00635BD5 /* Models */,
				FEA41B7122295C4900635BD5 /* Networking */,
				FEA41B7022295C3C00635BD5 /* DataBase */,
				FEC60A2B222BCEA20029BC80 /* ErrorsService.swift */,
			);
			path = Services;
			sourceTree = "<group>";
		};
		FEA41B7022295C3C00635BD5 /* DataBase */ = {
			isa = PBXGroup;
			children = (
				FEC60A4F222C15520029BC80 /* RealmModels */,
				FEA41B6B2229403C00635BD5 /* DataBaseService.swift */,
				FEA41B6D2229404F00635BD5 /* RealmService.swift */,
			);
			path = DataBase;
			sourceTree = "<group>";
		};
		FEA41B7122295C4900635BD5 /* Networking */ = {
			isa = PBXGroup;
			children = (
				FEA41B7222295C7F00635BD5 /* NetworkService.swift */,
				FEA41B7B22295D3D00635BD5 /* NetworkRouter.swift */,
			);
			path = Networking;
			sourceTree = "<group>";
		};
		FEA41B7422295CFD00635BD5 /* Models */ = {
			isa = PBXGroup;
			children = (
				FEC60A69222C27000029BC80 /* Describable.swift */,
				FEA41B7522295D0B00635BD5 /* PostModel.swift */,
				FEA41B7722295D1500635BD5 /* UserModel.swift */,
				FEA41B7922295D1E00635BD5 /* CommentModel.swift */,
			);
			path = Models;
			sourceTree = "<group>";
		};
		FEA41B7E2229691600635BD5 /* ViewModel */ = {
			isa = PBXGroup;
			children = (
				FEA41B7F2229692600635BD5 /* PostsViewModel.swift */,
			);
			path = ViewModel;
			sourceTree = "<group>";
		};
		FEA41B812229694000635BD5 /* BaseScene */ = {
			isa = PBXGroup;
			children = (
				FEC60A19222BBED10029BC80 /* Views */,
				FEA41B822229694C00635BD5 /* ViewModel */,
			);
			path = BaseScene;
			sourceTree = "<group>";
		};
		FEA41B822229694C00635BD5 /* ViewModel */ = {
			isa = PBXGroup;
			children = (
				FEA41B832229695600635BD5 /* BaseViewModel.swift */,
			);
			path = ViewModel;
			sourceTree = "<group>";
		};
		FEC60A19222BBED10029BC80 /* Views */ = {
			isa = PBXGroup;
			children = (
				FEC60A1A222BBEE80029BC80 /* BaseViewController.swift */,
			);
			path = Views;
			sourceTree = "<group>";
		};
		FEC60A1C222BC09D0029BC80 /* Views */ = {
			isa = PBXGroup;
			children = (
				FEC60A1D222BC0B90029BC80 /* PostsViewController.swift */,
			);
			path = Views;
			sourceTree = "<group>";
		};
		FEC60A20222BC0DD0029BC80 /* Scenes */ = {
			isa = PBXGroup;
			children = (
				FEA41B812229694000635BD5 /* BaseScene */,
				FEA41B692229401400635BD5 /* PostsScene */,
				FEC60A54222C1FA30029BC80 /* DetailsScene */,
			);
			path = Scenes;
			sourceTree = "<group>";
		};
		FEC60A21222BC0EF0029BC80 /* SupportingFiles */ = {
			isa = PBXGroup;
			children = (
				FEC60A22222BC21D0029BC80 /* GenericTableView */,
				FEC60A32222BD2960029BC80 /* Extensions */,
				FEC60A37222BD7990029BC80 /* Resources */,
				FE94F99522285FAF00D33707 /* Assets.xcassets */,
				FE94F99A22285FAF00D33707 /* Info.plist */,
				FEC60A42222BFE9D0029BC80 /* Localizable.strings */,
			);
			path = SupportingFiles;
			sourceTree = "<group>";
		};
		FEC60A22222BC21D0029BC80 /* GenericTableView */ = {
			isa = PBXGroup;
			children = (
				FEC60A23222BC2400029BC80 /* GenericTableView.swift */,
				FEC60A25222BC2BB0029BC80 /* GenericSectionModel.swift */,
				FEC60A27222BC2F30029BC80 /* GenericSectionItem.swift */,
				FEC60A29222BC86F0029BC80 /* GenericTableViewCellModelProtocol.swift */,
				FEC60A38222BED5E0029BC80 /* GenericTableViewData.swift */,
				FEC60A68222C25D60029BC80 /* Cells */,
			);
			path = GenericTableView;
			sourceTree = "<group>";
		};
		FEC60A32222BD2960029BC80 /* Extensions */ = {
			isa = PBXGroup;
			children = (
				FEC60A4D222C11730029BC80 /* BaseViewController+Rx.swift */,
				FEC60A3A222BFB320029BC80 /* BaseViewController+extensions.swift */,
				FEC60A33222BD2AA0029BC80 /* UITableView+extensions.swift */,
				FEC60A44222BFEEC0029BC80 /* String+extensions.swift */,
				FEC60A52222C1CF00029BC80 /* Realm+extensions.swift */,
				FEC60A6B222C27C10029BC80 /* NSAttributedString+Extensions.swift */,
			);
			path = Extensions;
			sourceTree = "<group>";
		};
		FEC60A37222BD7990029BC80 /* Resources */ = {
			isa = PBXGroup;
			children = (
				FE94F99222285FAC00D33707 /* Main.storyboard */,
				FE94F99722285FAF00D33707 /* LaunchScreen.storyboard */,
			);
			path = Resources;
			sourceTree = "<group>";
		};
		FEC60A4F222C15520029BC80 /* RealmModels */ = {
			isa = PBXGroup;
			children = (
				FEC60A50222C15660029BC80 /* PostRealm.swift */,
			);
			path = RealmModels;
			sourceTree = "<group>";
		};
		FEC60A54222C1FA30029BC80 /* DetailsScene */ = {
			isa = PBXGroup;
			children = (
				FEC60A55222C23D80029BC80 /* Views */,
				FEC60A56222C23DF0029BC80 /* ViewModel */,
			);
			path = DetailsScene;
			sourceTree = "<group>";
		};
		FEC60A55222C23D80029BC80 /* Views */ = {
			isa = PBXGroup;
			children = (
				FEC60A57222C23F30029BC80 /* DetailsViewController.swift */,
			);
			path = Views;
			sourceTree = "<group>";
		};
		FEC60A56222C23DF0029BC80 /* ViewModel */ = {
			isa = PBXGroup;
			children = (
			);
			path = ViewModel;
			sourceTree = "<group>";
		};
		FEC60A5A222C24140029BC80 /* TextCell */ = {
			isa = PBXGroup;
			children = (
				FEC60A2E222BD10D0029BC80 /* TextCellModel.swift */,
				FEC60A30222BD1230029BC80 /* TextTableViewCell.swift */,
				FEC60A35222BD3E00029BC80 /* TextTableViewCell.xib */,
			);
			path = TextCell;
			sourceTree = "<group>";
		};
		FEC60A68222C25D60029BC80 /* Cells */ = {
			isa = PBXGroup;
			children = (
				FEC60A5A222C24140029BC80 /* TextCell */,
			);
			path = Cells;
			sourceTree = "<group>";
		};
/* End PBXGroup section */

/* Begin PBXNativeTarget section */
		FE94F98A22285FAC00D33707 /* PostsReader */ = {
			isa = PBXNativeTarget;
			buildConfigurationList = FE94F99D22285FAF00D33707 /* Build configuration list for PBXNativeTarget "PostsReader" */;
			buildPhases = (
				4C3BF92285BBB597D25D4DFB /* [CP] Check Pods Manifest.lock */,
				FE94F98722285FAC00D33707 /* Sources */,
				FE94F98822285FAC00D33707 /* Frameworks */,
				FE94F98922285FAC00D33707 /* Resources */,
				8013AF593336F0A636B094BF /* [CP] Embed Pods Frameworks */,
			);
			buildRules = (
			);
			dependencies = (
			);
			name = PostsReader;
			productName = PostsReader;
			productReference = FE94F98B22285FAC00D33707 /* PostsReader.app */;
			productType = "com.apple.product-type.application";
		};
/* End PBXNativeTarget section */

/* Begin PBXProject section */
		FE94F98322285FAC00D33707 /* Project object */ = {
			isa = PBXProject;
			attributes = {
				LastSwiftUpdateCheck = 1010;
				LastUpgradeCheck = 1010;
				ORGANIZATIONNAME = lyksa;
				TargetAttributes = {
					FE94F98A22285FAC00D33707 = {
						CreatedOnToolsVersion = 10.1;
					};
				};
			};
			buildConfigurationList = FE94F98622285FAC00D33707 /* Build configuration list for PBXProject "PostsReader" */;
			compatibilityVersion = "Xcode 9.3";
			developmentRegion = en;
			hasScannedForEncodings = 0;
			knownRegions = (
				en,
				Base,
			);
			mainGroup = FE94F98222285FAC00D33707;
			productRefGroup = FE94F98C22285FAC00D33707 /* Products */;
			projectDirPath = "";
			projectRoot = "";
			targets = (
				FE94F98A22285FAC00D33707 /* PostsReader */,
			);
		};
/* End PBXProject section */

/* Begin PBXResourcesBuildPhase section */
		FE94F98922285FAC00D33707 /* Resources */ = {
			isa = PBXResourcesBuildPhase;
			buildActionMask = 2147483647;
			files = (
				FEC60A40222BFE9D0029BC80 /* Localizable.strings in Resources */,
				FE94F99922285FAF00D33707 /* LaunchScreen.storyboard in Resources */,
				FE94F99622285FAF00D33707 /* Assets.xcassets in Resources */,
				FE94F99422285FAC00D33707 /* Main.storyboard in Resources */,
				FEC60A36222BD3E00029BC80 /* TextTableViewCell.xib in Resources */,
			);
			runOnlyForDeploymentPostprocessing = 0;
		};
/* End PBXResourcesBuildPhase section */

/* Begin PBXShellScriptBuildPhase section */
		4C3BF92285BBB597D25D4DFB /* [CP] Check Pods Manifest.lock */ = {
			isa = PBXShellScriptBuildPhase;
			buildActionMask = 2147483647;
			files = (
			);
			inputFileListPaths = (
			);
			inputPaths = (
				"${PODS_PODFILE_DIR_PATH}/Podfile.lock",
				"${PODS_ROOT}/Manifest.lock",
			);
			name = "[CP] Check Pods Manifest.lock";
			outputFileListPaths = (
			);
			outputPaths = (
				"$(DERIVED_FILE_DIR)/Pods-PostsReader-checkManifestLockResult.txt",
			);
			runOnlyForDeploymentPostprocessing = 0;
			shellPath = /bin/sh;
			shellScript = "diff \"${PODS_PODFILE_DIR_PATH}/Podfile.lock\" \"${PODS_ROOT}/Manifest.lock\" > /dev/null\nif [ $? != 0 ] ; then\n    # print error to STDERR\n    echo \"error: The sandbox is not in sync with the Podfile.lock. Run 'pod install' or update your CocoaPods installation.\" >&2\n    exit 1\nfi\n# This output is used by Xcode 'outputs' to avoid re-running this script phase.\necho \"SUCCESS\" > \"${SCRIPT_OUTPUT_FILE_0}\"\n";
			showEnvVarsInLog = 0;
		};
		8013AF593336F0A636B094BF /* [CP] Embed Pods Frameworks */ = {
			isa = PBXShellScriptBuildPhase;
			buildActionMask = 2147483647;
			files = (
			);
			inputFileListPaths = (
			);
			inputPaths = (
				"${PODS_ROOT}/Target Support Files/Pods-PostsReader/Pods-PostsReader-frameworks.sh",
				"${BUILT_PRODUCTS_DIR}/Alamofire/Alamofire.framework",
				"${BUILT_PRODUCTS_DIR}/Differentiator/Differentiator.framework",
				"${BUILT_PRODUCTS_DIR}/JGProgressHUD/JGProgressHUD.framework",
				"${BUILT_PRODUCTS_DIR}/Realm/Realm.framework",
				"${BUILT_PRODUCTS_DIR}/RealmSwift/RealmSwift.framework",
				"${BUILT_PRODUCTS_DIR}/RxAlamofire/RxAlamofire.framework",
				"${BUILT_PRODUCTS_DIR}/RxAtomic/RxAtomic.framework",
				"${BUILT_PRODUCTS_DIR}/RxCocoa/RxCocoa.framework",
				"${BUILT_PRODUCTS_DIR}/RxDataSources/RxDataSources.framework",
				"${BUILT_PRODUCTS_DIR}/RxRealm/RxRealm.framework",
				"${BUILT_PRODUCTS_DIR}/RxSwift/RxSwift.framework",
			);
			name = "[CP] Embed Pods Frameworks";
			outputFileListPaths = (
			);
			outputPaths = (
				"${TARGET_BUILD_DIR}/${FRAMEWORKS_FOLDER_PATH}/Alamofire.framework",
				"${TARGET_BUILD_DIR}/${FRAMEWORKS_FOLDER_PATH}/Differentiator.framework",
				"${TARGET_BUILD_DIR}/${FRAMEWORKS_FOLDER_PATH}/JGProgressHUD.framework",
				"${TARGET_BUILD_DIR}/${FRAMEWORKS_FOLDER_PATH}/Realm.framework",
				"${TARGET_BUILD_DIR}/${FRAMEWORKS_FOLDER_PATH}/RealmSwift.framework",
				"${TARGET_BUILD_DIR}/${FRAMEWORKS_FOLDER_PATH}/RxAlamofire.framework",
				"${TARGET_BUILD_DIR}/${FRAMEWORKS_FOLDER_PATH}/RxAtomic.framework",
				"${TARGET_BUILD_DIR}/${FRAMEWORKS_FOLDER_PATH}/RxCocoa.framework",
				"${TARGET_BUILD_DIR}/${FRAMEWORKS_FOLDER_PATH}/RxDataSources.framework",
				"${TARGET_BUILD_DIR}/${FRAMEWORKS_FOLDER_PATH}/RxRealm.framework",
				"${TARGET_BUILD_DIR}/${FRAMEWORKS_FOLDER_PATH}/RxSwift.framework",
			);
			runOnlyForDeploymentPostprocessing = 0;
			shellPath = /bin/sh;
			shellScript = "\"${PODS_ROOT}/Target Support Files/Pods-PostsReader/Pods-PostsReader-frameworks.sh\"\n";
			showEnvVarsInLog = 0;
		};
/* End PBXShellScriptBuildPhase section */

/* Begin PBXSourcesBuildPhase section */
		FE94F98722285FAC00D33707 /* Sources */ = {
			isa = PBXSourcesBuildPhase;
			buildActionMask = 2147483647;
			files = (
				FEA41B7322295C7F00635BD5 /* NetworkService.swift in Sources */,
				FEA41B842229695600635BD5 /* BaseViewModel.swift in Sources */,
				FEC60A58222C23F30029BC80 /* DetailsViewController.swift in Sources */,
				FEA41B7A22295D1E00635BD5 /* CommentModel.swift in Sources */,
				FEA41B7822295D1500635BD5 /* UserModel.swift in Sources */,
				FEC60A45222BFEEC0029BC80 /* String+extensions.swift in Sources */,
				FEC60A4E222C11730029BC80 /* BaseViewController+Rx.swift in Sources */,
				FEC60A28222BC2F30029BC80 /* GenericSectionItem.swift in Sources */,
				FEC60A31222BD1230029BC80 /* TextTableViewCell.swift in Sources */,
				FEC60A2A222BC86F0029BC80 /* GenericTableViewCellModelProtocol.swift in Sources */,
				FEA41B7622295D0B00635BD5 /* PostModel.swift in Sources */,
				FEC60A2C222BCEA20029BC80 /* ErrorsService.swift in Sources */,
				FEC60A26222BC2BB0029BC80 /* GenericSectionModel.swift in Sources */,
				FEC60A1B222BBEE80029BC80 /* BaseViewController.swift in Sources */,
				FEC60A39222BED5E0029BC80 /* GenericTableViewData.swift in Sources */,
				FEC60A3B222BFB320029BC80 /* BaseViewController+extensions.swift in Sources */,
				FEC60A53222C1CF00029BC80 /* Realm+extensions.swift in Sources */,
				FEA41B7C22295D3D00635BD5 /* NetworkRouter.swift in Sources */,
				FEC60A24222BC2400029BC80 /* GenericTableView.swift in Sources */,
				FEC60A1E222BC0B90029BC80 /* PostsViewController.swift in Sources */,
				FEC60A6A222C27000029BC80 /* Describable.swift in Sources */,
				FEA41B802229692600635BD5 /* PostsViewModel.swift in Sources */,
				FEC60A34222BD2AA0029BC80 /* UITableView+extensions.swift in Sources */,
				FEC60A6C222C27C10029BC80 /* NSAttributedString+Extensions.swift in Sources */,
				FE94F98F22285FAC00D33707 /* AppDelegate.swift in Sources */,
				FEA41B6C2229403C00635BD5 /* DataBaseService.swift in Sources */,
				FEA41B6E2229404F00635BD5 /* RealmService.swift in Sources */,
				FEC60A51222C15660029BC80 /* PostRealm.swift in Sources */,
				FEC60A2F222BD10D0029BC80 /* TextCellModel.swift in Sources */,
			);
			runOnlyForDeploymentPostprocessing = 0;
		};
/* End PBXSourcesBuildPhase section */

/* Begin PBXVariantGroup section */
		FE94F99222285FAC00D33707 /* Main.storyboard */ = {
			isa = PBXVariantGroup;
			children = (
				FE94F99322285FAC00D33707 /* Base */,
				FEC60A3C222BFE4D0029BC80 /* uk */,
			);
			name = Main.storyboard;
			sourceTree = "<group>";
		};
		FE94F99722285FAF00D33707 /* LaunchScreen.storyboard */ = {
			isa = PBXVariantGroup;
			children = (
				FE94F99822285FAF00D33707 /* Base */,
				FEC60A3D222BFE4E0029BC80 /* uk */,
			);
			name = LaunchScreen.storyboard;
			sourceTree = "<group>";
		};
		FEC60A42222BFE9D0029BC80 /* Localizable.strings */ = {
			isa = PBXVariantGroup;
			children = (
				FEC60A41222BFE9D0029BC80 /* uk */,
			);
			name = Localizable.strings;
			sourceTree = "<group>";
		};
/* End PBXVariantGroup section */

/* Begin XCBuildConfiguration section */
		FE94F99B22285FAF00D33707 /* Debug */ = {
			isa = XCBuildConfiguration;
			buildSettings = {
				ALWAYS_SEARCH_USER_PATHS = NO;
				CLANG_ANALYZER_LOCALIZABILITY_NONLOCALIZED = YES;
				CLANG_ANALYZER_NONNULL = YES;
				CLANG_ANALYZER_NUMBER_OBJECT_CONVERSION = YES_AGGRESSIVE;
				CLANG_CXX_LANGUAGE_STANDARD = "gnu++14";
				CLANG_CXX_LIBRARY = "libc++";
				CLANG_ENABLE_MODULES = YES;
				CLANG_ENABLE_OBJC_ARC = YES;
				CLANG_ENABLE_OBJC_WEAK = YES;
				CLANG_WARN_BLOCK_CAPTURE_AUTORELEASING = YES;
				CLANG_WARN_BOOL_CONVERSION = YES;
				CLANG_WARN_COMMA = YES;
				CLANG_WARN_CONSTANT_CONVERSION = YES;
				CLANG_WARN_DEPRECATED_OBJC_IMPLEMENTATIONS = YES;
				CLANG_WARN_DIRECT_OBJC_ISA_USAGE = YES_ERROR;
				CLANG_WARN_DOCUMENTATION_COMMENTS = YES;
				CLANG_WARN_EMPTY_BODY = YES;
				CLANG_WARN_ENUM_CONVERSION = YES;
				CLANG_WARN_INFINITE_RECURSION = YES;
				CLANG_WARN_INT_CONVERSION = YES;
				CLANG_WARN_NON_LITERAL_NULL_CONVERSION = YES;
				CLANG_WARN_OBJC_IMPLICIT_RETAIN_SELF = YES;
				CLANG_WARN_OBJC_LITERAL_CONVERSION = YES;
				CLANG_WARN_OBJC_ROOT_CLASS = YES_ERROR;
				CLANG_WARN_RANGE_LOOP_ANALYSIS = YES;
				CLANG_WARN_STRICT_PROTOTYPES = YES;
				CLANG_WARN_SUSPICIOUS_MOVE = YES;
				CLANG_WARN_UNGUARDED_AVAILABILITY = YES_AGGRESSIVE;
				CLANG_WARN_UNREACHABLE_CODE = YES;
				CLANG_WARN__DUPLICATE_METHOD_MATCH = YES;
				CODE_SIGN_IDENTITY = "iPhone Developer";
				COPY_PHASE_STRIP = NO;
				DEBUG_INFORMATION_FORMAT = dwarf;
				ENABLE_STRICT_OBJC_MSGSEND = YES;
				ENABLE_TESTABILITY = YES;
				GCC_C_LANGUAGE_STANDARD = gnu11;
				GCC_DYNAMIC_NO_PIC = NO;
				GCC_NO_COMMON_BLOCKS = YES;
				GCC_OPTIMIZATION_LEVEL = 0;
				GCC_PREPROCESSOR_DEFINITIONS = (
					"DEBUG=1",
					"$(inherited)",
				);
				GCC_WARN_64_TO_32_BIT_CONVERSION = YES;
				GCC_WARN_ABOUT_RETURN_TYPE = YES_ERROR;
				GCC_WARN_UNDECLARED_SELECTOR = YES;
				GCC_WARN_UNINITIALIZED_AUTOS = YES_AGGRESSIVE;
				GCC_WARN_UNUSED_FUNCTION = YES;
				GCC_WARN_UNUSED_VARIABLE = YES;
				IPHONEOS_DEPLOYMENT_TARGET = 12.1;
				MTL_ENABLE_DEBUG_INFO = INCLUDE_SOURCE;
				MTL_FAST_MATH = YES;
				ONLY_ACTIVE_ARCH = YES;
				SDKROOT = iphoneos;
				SWIFT_ACTIVE_COMPILATION_CONDITIONS = DEBUG;
				SWIFT_OPTIMIZATION_LEVEL = "-Onone";
			};
			name = Debug;
		};
		FE94F99C22285FAF00D33707 /* Release */ = {
			isa = XCBuildConfiguration;
			buildSettings = {
				ALWAYS_SEARCH_USER_PATHS = NO;
				CLANG_ANALYZER_LOCALIZABILITY_NONLOCALIZED = YES;
				CLANG_ANALYZER_NONNULL = YES;
				CLANG_ANALYZER_NUMBER_OBJECT_CONVERSION = YES_AGGRESSIVE;
				CLANG_CXX_LANGUAGE_STANDARD = "gnu++14";
				CLANG_CXX_LIBRARY = "libc++";
				CLANG_ENABLE_MODULES = YES;
				CLANG_ENABLE_OBJC_ARC = YES;
				CLANG_ENABLE_OBJC_WEAK = YES;
				CLANG_WARN_BLOCK_CAPTURE_AUTORELEASING = YES;
				CLANG_WARN_BOOL_CONVERSION = YES;
				CLANG_WARN_COMMA = YES;
				CLANG_WARN_CONSTANT_CONVERSION = YES;
				CLANG_WARN_DEPRECATED_OBJC_IMPLEMENTATIONS = YES;
				CLANG_WARN_DIRECT_OBJC_ISA_USAGE = YES_ERROR;
				CLANG_WARN_DOCUMENTATION_COMMENTS = YES;
				CLANG_WARN_EMPTY_BODY = YES;
				CLANG_WARN_ENUM_CONVERSION = YES;
				CLANG_WARN_INFINITE_RECURSION = YES;
				CLANG_WARN_INT_CONVERSION = YES;
				CLANG_WARN_NON_LITERAL_NULL_CONVERSION = YES;
				CLANG_WARN_OBJC_IMPLICIT_RETAIN_SELF = YES;
				CLANG_WARN_OBJC_LITERAL_CONVERSION = YES;
				CLANG_WARN_OBJC_ROOT_CLASS = YES_ERROR;
				CLANG_WARN_RANGE_LOOP_ANALYSIS = YES;
				CLANG_WARN_STRICT_PROTOTYPES = YES;
				CLANG_WARN_SUSPICIOUS_MOVE = YES;
				CLANG_WARN_UNGUARDED_AVAILABILITY = YES_AGGRESSIVE;
				CLANG_WARN_UNREACHABLE_CODE = YES;
				CLANG_WARN__DUPLICATE_METHOD_MATCH = YES;
				CODE_SIGN_IDENTITY = "iPhone Developer";
				COPY_PHASE_STRIP = NO;
				DEBUG_INFORMATION_FORMAT = "dwarf-with-dsym";
				ENABLE_NS_ASSERTIONS = NO;
				ENABLE_STRICT_OBJC_MSGSEND = YES;
				GCC_C_LANGUAGE_STANDARD = gnu11;
				GCC_NO_COMMON_BLOCKS = YES;
				GCC_WARN_64_TO_32_BIT_CONVERSION = YES;
				GCC_WARN_ABOUT_RETURN_TYPE = YES_ERROR;
				GCC_WARN_UNDECLARED_SELECTOR = YES;
				GCC_WARN_UNINITIALIZED_AUTOS = YES_AGGRESSIVE;
				GCC_WARN_UNUSED_FUNCTION = YES;
				GCC_WARN_UNUSED_VARIABLE = YES;
				IPHONEOS_DEPLOYMENT_TARGET = 12.1;
				MTL_ENABLE_DEBUG_INFO = NO;
				MTL_FAST_MATH = YES;
				SDKROOT = iphoneos;
				SWIFT_COMPILATION_MODE = wholemodule;
				SWIFT_OPTIMIZATION_LEVEL = "-O";
				VALIDATE_PRODUCT = YES;
			};
			name = Release;
		};
		FE94F99E22285FAF00D33707 /* Debug */ = {
			isa = XCBuildConfiguration;
			baseConfigurationReference = 1B014BEED1F0A8AF421FE076 /* Pods-PostsReader.debug.xcconfig */;
			buildSettings = {
				ASSETCATALOG_COMPILER_APPICON_NAME = AppIcon;
				CODE_SIGN_STYLE = Automatic;
				DEVELOPMENT_TEAM = 3HY885L7L9;
				INFOPLIST_FILE = "$(SRCROOT)/PostsReader/SupportingFiles/Info.plist";
				IPHONEOS_DEPLOYMENT_TARGET = 10.0;
				LD_RUNPATH_SEARCH_PATHS = (
					"$(inherited)",
					"@executable_path/Frameworks",
				);
				PRODUCT_BUNDLE_IDENTIFIER = com.lyksa.postsreader;
				PRODUCT_NAME = "$(TARGET_NAME)";
				SWIFT_VERSION = 4.2;
				TARGETED_DEVICE_FAMILY = "1,2";
			};
			name = Debug;
		};
		FE94F99F22285FAF00D33707 /* Release */ = {
			isa = XCBuildConfiguration;
			baseConfigurationReference = DE5BAB85336919133C47FB43 /* Pods-PostsReader.release.xcconfig */;
			buildSettings = {
				ASSETCATALOG_COMPILER_APPICON_NAME = AppIcon;
				CODE_SIGN_STYLE = Automatic;
				DEVELOPMENT_TEAM = 3HY885L7L9;
				INFOPLIST_FILE = "$(SRCROOT)/PostsReader/SupportingFiles/Info.plist";
				IPHONEOS_DEPLOYMENT_TARGET = 10.0;
				LD_RUNPATH_SEARCH_PATHS = (
					"$(inherited)",
					"@executable_path/Frameworks",
				);
				PRODUCT_BUNDLE_IDENTIFIER = com.lyksa.postsreader;
				PRODUCT_NAME = "$(TARGET_NAME)";
				SWIFT_VERSION = 4.2;
				TARGETED_DEVICE_FAMILY = "1,2";
			};
			name = Release;
		};
/* End XCBuildConfiguration section */

/* Begin XCConfigurationList section */
		FE94F98622285FAC00D33707 /* Build configuration list for PBXProject "PostsReader" */ = {
			isa = XCConfigurationList;
			buildConfigurations = (
				FE94F99B22285FAF00D33707 /* Debug */,
				FE94F99C22285FAF00D33707 /* Release */,
			);
			defaultConfigurationIsVisible = 0;
			defaultConfigurationName = Release;
		};
		FE94F99D22285FAF00D33707 /* Build configuration list for PBXNativeTarget "PostsReader" */ = {
			isa = XCConfigurationList;
			buildConfigurations = (
				FE94F99E22285FAF00D33707 /* Debug */,
				FE94F99F22285FAF00D33707 /* Release */,
			);
			defaultConfigurationIsVisible = 0;
			defaultConfigurationName = Release;
		};
/* End XCConfigurationList section */
	};
	rootObject = FE94F98322285FAC00D33707 /* Project object */;
}
